
Microsoft Visual Studio Solution File, Format Version 12.00
# Visual Studio Version 17
VisualStudioVersion = 17.11.35303.130
MinimumVisualStudioVersion = 10.0.40219.1
Project("{FAE04EC0-301F-11D3-BF4B-00C04F79EFBC}") = "StockPriceMonitoring", "StockPriceMonitoring\StockPriceMonitoring.csproj", "{A7E3F52C-6FEE-48C0-8626-548803F05346}"
EndProject
Global
	GlobalSection(SolutionConfigurationPlatforms) = preSolution
		Debug|Any CPU = Debug|Any CPU
		Release|Any CPU = Release|Any CPU
	EndGlobalSection
	GlobalSection(ProjectConfigurationPlatforms) = postSolution
		{A7E3F52C-6FEE-48C0-8626-548803F05346}.Debug|Any CPU.ActiveCfg = Debug|Any CPU
		{A7E3F52C-6FEE-48C0-8626-548803F05346}.Debug|Any CPU.Build.0 = Debug|Any CPU
		{A7E3F52C-6FEE-48C0-8626-548803F05346}.Release|Any CPU.ActiveCfg = Release|Any CPU
		{A7E3F52C-6FEE-48C0-8626-548803F05346}.Release|Any CPU.Build.0 = Release|Any CPU
	EndGlobalSection
	GlobalSection(SolutionProperties) = preSolution
		HideSolutionNode = FALSE
	EndGlobalSection
	GlobalSection(ExtensibilityGlobals) = postSolution
		SolutionGuid = {8052DB5C-33DA-4438-BCF7-86BA3F41C7AC}
	EndGlobalSection
EndGlobal
